
Microsoft Visual Studio Solution File, Format Version 12.00
Project("{FAE04EC0-301F-11D3-BF4B-00C04F79EFBC}") = "TicketBooking", "TicketBooking\TicketBooking.csproj", "{772C07C6-79C3-4EC4-933D-31065C3833B7}"
EndProject
Global
	GlobalSection(SolutionConfigurationPlatforms) = preSolution
		Debug|Any CPU = Debug|Any CPU
		Release|Any CPU = Release|Any CPU
	EndGlobalSection
	GlobalSection(ProjectConfigurationPlatforms) = postSolution
		{772C07C6-79C3-4EC4-933D-31065C3833B7}.Debug|Any CPU.ActiveCfg = Debug|Any CPU
		{772C07C6-79C3-4EC4-933D-31065C3833B7}.Debug|Any CPU.Build.0 = Debug|Any CPU
		{772C07C6-79C3-4EC4-933D-31065C3833B7}.Release|Any CPU.ActiveCfg = Release|Any CPU
		{772C07C6-79C3-4EC4-933D-31065C3833B7}.Release|Any CPU.Build.0 = Release|Any CPU
	EndGlobalSection
EndGlobal
